
Microsoft Visual Studio Solution File, Format Version 12.00
# Visual Studio 15
VisualStudioVersion = 15.0.26014.0
MinimumVisualStudioVersion = 10.0.40219.1
Project("{FAE04EC0-301F-11D3-BF4B-00C04F79EFBC}") = "12. StringMatrixRotation", "StringMatrixRotation\12. StringMatrixRotation.csproj", "{EE7E27AF-E3E4-4CE9-BDC5-DB241B0F094A}"
EndProject
Project("{FAE04EC0-301F-11D3-BF4B-00C04F79EFBC}") = "MatrixRotation", "MatrixRotation\MatrixRotation.csproj", "{12B97BB3-7093-4CFA-83BE-9967B634297D}"
EndProject
Project("{FAE04EC0-301F-11D3-BF4B-00C04F79EFBC}") = "09. Recursive Fibonacci", "Recursive Fibonacci\09. Recursive Fibonacci.csproj", "{2535667C-89FF-4F89-92B4-FB9B88D1C45A}"
EndProject
Project("{FAE04EC0-301F-11D3-BF4B-00C04F79EFBC}") = "10. Stack Fibonacci", "Stack Fibonacci\10. Stack Fibonacci.csproj", "{6115062B-C303-4DD2-B769-E7729FEE737A}"
EndProject
Project("{FAE04EC0-301F-11D3-BF4B-00C04F79EFBC}") = "11. Simple Text Editor", "Simple Text Editor\11. Simple Text Editor.csproj", "{1E1EC330-0D79-4E55-9579-323BB9BE0D11}"
EndProject
Project("{FAE04EC0-301F-11D3-BF4B-00C04F79EFBC}") = "12. Infix to Postfix", "Infix to Postfix\12. Infix to Postfix.csproj", "{AD624C64-BD40-4BFD-BE39-F98CB392EF4B}"
EndProject
Project("{FAE04EC0-301F-11D3-BF4B-00C04F79EFBC}") = "13. Evaluate Expression", "Evaluate Expression\13. Evaluate Expression.csproj", "{CD570712-049E-4446-BBEA-1BA892D8BF46}"
EndProject
Project("{FAE04EC0-301F-11D3-BF4B-00C04F79EFBC}") = "14. Stock Span Problem", "Stock Span Problem\14. Stock Span Problem.csproj", "{E56B52BF-F710-45A1-A841-516BB7D3FB0F}"
EndProject
Global
	GlobalSection(SolutionConfigurationPlatforms) = preSolution
		Debug|Any CPU = Debug|Any CPU
		Release|Any CPU = Release|Any CPU
	EndGlobalSection
	GlobalSection(ProjectConfigurationPlatforms) = postSolution
		{EE7E27AF-E3E4-4CE9-BDC5-DB241B0F094A}.Debug|Any CPU.ActiveCfg = Debug|Any CPU
		{EE7E27AF-E3E4-4CE9-BDC5-DB241B0F094A}.Debug|Any CPU.Build.0 = Debug|Any CPU
		{EE7E27AF-E3E4-4CE9-BDC5-DB241B0F094A}.Release|Any CPU.ActiveCfg = Release|Any CPU
		{EE7E27AF-E3E4-4CE9-BDC5-DB241B0F094A}.Release|Any CPU.Build.0 = Release|Any CPU
		{12B97BB3-7093-4CFA-83BE-9967B634297D}.Debug|Any CPU.ActiveCfg = Debug|Any CPU
		{12B97BB3-7093-4CFA-83BE-9967B634297D}.Debug|Any CPU.Build.0 = Debug|Any CPU
		{12B97BB3-7093-4CFA-83BE-9967B634297D}.Release|Any CPU.ActiveCfg = Release|Any CPU
		{12B97BB3-7093-4CFA-83BE-9967B634297D}.Release|Any CPU.Build.0 = Release|Any CPU
		{2535667C-89FF-4F89-92B4-FB9B88D1C45A}.Debug|Any CPU.ActiveCfg = Debug|Any CPU
		{2535667C-89FF-4F89-92B4-FB9B88D1C45A}.Debug|Any CPU.Build.0 = Debug|Any CPU
		{2535667C-89FF-4F89-92B4-FB9B88D1C45A}.Release|Any CPU.ActiveCfg = Release|Any CPU
		{2535667C-89FF-4F89-92B4-FB9B88D1C45A}.Release|Any CPU.Build.0 = Release|Any CPU
		{6115062B-C303-4DD2-B769-E7729FEE737A}.Debug|Any CPU.ActiveCfg = Debug|Any CPU
		{6115062B-C303-4DD2-B769-E7729FEE737A}.Debug|Any CPU.Build.0 = Debug|Any CPU
		{6115062B-C303-4DD2-B769-E7729FEE737A}.Release|Any CPU.ActiveCfg = Release|Any CPU
		{6115062B-C303-4DD2-B769-E7729FEE737A}.Release|Any CPU.Build.0 = Release|Any CPU
		{1E1EC330-0D79-4E55-9579-323BB9BE0D11}.Debug|Any CPU.ActiveCfg = Debug|Any CPU
		{1E1EC330-0D79-4E55-9579-323BB9BE0D11}.Debug|Any CPU.Build.0 = Debug|Any CPU
		{1E1EC330-0D79-4E55-9579-323BB9BE0D11}.Release|Any CPU.ActiveCfg = Release|Any CPU
		{1E1EC330-0D79-4E55-9579-323BB9BE0D11}.Release|Any CPU.Build.0 = Release|Any CPU
		{AD624C64-BD40-4BFD-BE39-F98CB392EF4B}.Debug|Any CPU.ActiveCfg = Debug|Any CPU
		{AD624C64-BD40-4BFD-BE39-F98CB392EF4B}.Debug|Any CPU.Build.0 = Debug|Any CPU
		{AD624C64-BD40-4BFD-BE39-F98CB392EF4B}.Release|Any CPU.ActiveCfg = Release|Any CPU
		{AD624C64-BD40-4BFD-BE39-F98CB392EF4B}.Release|Any CPU.Build.0 = Release|Any CPU
		{CD570712-049E-4446-BBEA-1BA892D8BF46}.Debug|Any CPU.ActiveCfg = Debug|Any CPU
		{CD570712-049E-4446-BBEA-1BA892D8BF46}.Debug|Any CPU.Build.0 = Debug|Any CPU
		{CD570712-049E-4446-BBEA-1BA892D8BF46}.Release|Any CPU.ActiveCfg = Release|Any CPU
		{CD570712-049E-4446-BBEA-1BA892D8BF46}.Release|Any CPU.Build.0 = Release|Any CPU
		{E56B52BF-F710-45A1-A841-516BB7D3FB0F}.Debug|Any CPU.ActiveCfg = Debug|Any CPU
		{E56B52BF-F710-45A1-A841-516BB7D3FB0F}.Debug|Any CPU.Build.0 = Debug|Any CPU
		{E56B52BF-F710-45A1-A841-516BB7D3FB0F}.Release|Any CPU.ActiveCfg = Release|Any CPU
		{E56B52BF-F710-45A1-A841-516BB7D3FB0F}.Release|Any CPU.Build.0 = Release|Any CPU
	EndGlobalSection
	GlobalSection(SolutionProperties) = preSolution
		HideSolutionNode = FALSE
	EndGlobalSection
EndGlobal
