
Microsoft Visual Studio Solution File, Format Version 12.00
# Visual Studio 14
VisualStudioVersion = 14.0.24720.0
MinimumVisualStudioVersion = 10.0.40219.1
Project("{2150E333-8FDC-42A3-9474-1A3956D46DE8}") = "BookShop", "BookShop", "{C773E3FE-4DC7-499D-84E6-19F65E3F625B}"
EndProject
Project("{FAE04EC0-301F-11D3-BF4B-00C04F79EFBC}") = "BookShop.Models", "BookShop.Models\BookShop.Models.csproj", "{64A36742-7E05-4B3A-846C-2C00E95C5969}"
EndProject
Project("{FAE04EC0-301F-11D3-BF4B-00C04F79EFBC}") = "BookShop.Data", "BookShop.Data\BookShop.Data.csproj", "{624A8E0F-A52E-4D7E-820E-52442D684C28}"
EndProject
Project("{FAE04EC0-301F-11D3-BF4B-00C04F79EFBC}") = "BookShop.ConsoleClient", "BookShop.ConsoleClient\BookShop.ConsoleClient.csproj", "{0051F49F-2AAC-42A6-BA6D-E37035D40B9A}"
EndProject
Project("{2150E333-8FDC-42A3-9474-1A3956D46DE8}") = "Movies", "Movies", "{E9FC8238-18AA-48E7-88C9-820A11161539}"
EndProject
Project("{FAE04EC0-301F-11D3-BF4B-00C04F79EFBC}") = "Movie.Models", "Movie.Models\Movie.Models.csproj", "{15954E61-819F-48D2-8FB1-7CCC55D28B8B}"
EndProject
Project("{FAE04EC0-301F-11D3-BF4B-00C04F79EFBC}") = "Movie.Data", "Movie.Data\Movie.Data.csproj", "{AE847D40-3286-4FA1-87F5-B61F21C8B4A5}"
EndProject
Project("{FAE04EC0-301F-11D3-BF4B-00C04F79EFBC}") = "Movie.ConsoleClient", "Movie.ConsoleClient\Movie.ConsoleClient.csproj", "{73CC7DB1-C7D3-4988-B8A1-5CA161780BD8}"
EndProject
Project("{FAE04EC0-301F-11D3-BF4B-00C04F79EFBC}") = "test", "test\test.csproj", "{F138A1D3-6F15-4C0D-B0ED-275C7D6C63EE}"
EndProject
Project("{2150E333-8FDC-42A3-9474-1A3956D46DE8}") = "Ads", "Ads", "{56C234D9-5CAE-4712-A0C5-DE0F361CD168}"
EndProject
Project("{FAE04EC0-301F-11D3-BF4B-00C04F79EFBC}") = "Ads", "Ads\Ads.csproj", "{FDE7307C-A8E9-4F5D-9513-98BA34BD01EE}"
EndProject
Global
	GlobalSection(SolutionConfigurationPlatforms) = preSolution
		Debug|Any CPU = Debug|Any CPU
		Release|Any CPU = Release|Any CPU
	EndGlobalSection
	GlobalSection(ProjectConfigurationPlatforms) = postSolution
		{64A36742-7E05-4B3A-846C-2C00E95C5969}.Debug|Any CPU.ActiveCfg = Debug|Any CPU
		{64A36742-7E05-4B3A-846C-2C00E95C5969}.Debug|Any CPU.Build.0 = Debug|Any CPU
		{64A36742-7E05-4B3A-846C-2C00E95C5969}.Release|Any CPU.ActiveCfg = Release|Any CPU
		{64A36742-7E05-4B3A-846C-2C00E95C5969}.Release|Any CPU.Build.0 = Release|Any CPU
		{624A8E0F-A52E-4D7E-820E-52442D684C28}.Debug|Any CPU.ActiveCfg = Debug|Any CPU
		{624A8E0F-A52E-4D7E-820E-52442D684C28}.Debug|Any CPU.Build.0 = Debug|Any CPU
		{624A8E0F-A52E-4D7E-820E-52442D684C28}.Release|Any CPU.ActiveCfg = Release|Any CPU
		{624A8E0F-A52E-4D7E-820E-52442D684C28}.Release|Any CPU.Build.0 = Release|Any CPU
		{0051F49F-2AAC-42A6-BA6D-E37035D40B9A}.Debug|Any CPU.ActiveCfg = Debug|Any CPU
		{0051F49F-2AAC-42A6-BA6D-E37035D40B9A}.Debug|Any CPU.Build.0 = Debug|Any CPU
		{0051F49F-2AAC-42A6-BA6D-E37035D40B9A}.Release|Any CPU.ActiveCfg = Release|Any CPU
		{0051F49F-2AAC-42A6-BA6D-E37035D40B9A}.Release|Any CPU.Build.0 = Release|Any CPU
		{15954E61-819F-48D2-8FB1-7CCC55D28B8B}.Debug|Any CPU.ActiveCfg = Debug|Any CPU
		{15954E61-819F-48D2-8FB1-7CCC55D28B8B}.Debug|Any CPU.Build.0 = Debug|Any CPU
		{15954E61-819F-48D2-8FB1-7CCC55D28B8B}.Release|Any CPU.ActiveCfg = Release|Any CPU
		{15954E61-819F-48D2-8FB1-7CCC55D28B8B}.Release|Any CPU.Build.0 = Release|Any CPU
		{AE847D40-3286-4FA1-87F5-B61F21C8B4A5}.Debug|Any CPU.ActiveCfg = Debug|Any CPU
		{AE847D40-3286-4FA1-87F5-B61F21C8B4A5}.Debug|Any CPU.Build.0 = Debug|Any CPU
		{AE847D40-3286-4FA1-87F5-B61F21C8B4A5}.Release|Any CPU.ActiveCfg = Release|Any CPU
		{AE847D40-3286-4FA1-87F5-B61F21C8B4A5}.Release|Any CPU.Build.0 = Release|Any CPU
		{73CC7DB1-C7D3-4988-B8A1-5CA161780BD8}.Debug|Any CPU.ActiveCfg = Debug|Any CPU
		{73CC7DB1-C7D3-4988-B8A1-5CA161780BD8}.Debug|Any CPU.Build.0 = Debug|Any CPU
		{73CC7DB1-C7D3-4988-B8A1-5CA161780BD8}.Release|Any CPU.ActiveCfg = Release|Any CPU
		{73CC7DB1-C7D3-4988-B8A1-5CA161780BD8}.Release|Any CPU.Build.0 = Release|Any CPU
		{F138A1D3-6F15-4C0D-B0ED-275C7D6C63EE}.Debug|Any CPU.ActiveCfg = Debug|Any CPU
		{F138A1D3-6F15-4C0D-B0ED-275C7D6C63EE}.Debug|Any CPU.Build.0 = Debug|Any CPU
		{F138A1D3-6F15-4C0D-B0ED-275C7D6C63EE}.Release|Any CPU.ActiveCfg = Release|Any CPU
		{F138A1D3-6F15-4C0D-B0ED-275C7D6C63EE}.Release|Any CPU.Build.0 = Release|Any CPU
		{FDE7307C-A8E9-4F5D-9513-98BA34BD01EE}.Debug|Any CPU.ActiveCfg = Debug|Any CPU
		{FDE7307C-A8E9-4F5D-9513-98BA34BD01EE}.Debug|Any CPU.Build.0 = Debug|Any CPU
		{FDE7307C-A8E9-4F5D-9513-98BA34BD01EE}.Release|Any CPU.ActiveCfg = Release|Any CPU
		{FDE7307C-A8E9-4F5D-9513-98BA34BD01EE}.Release|Any CPU.Build.0 = Release|Any CPU
	EndGlobalSection
	GlobalSection(SolutionProperties) = preSolution
		HideSolutionNode = FALSE
	EndGlobalSection
	GlobalSection(NestedProjects) = preSolution
		{64A36742-7E05-4B3A-846C-2C00E95C5969} = {C773E3FE-4DC7-499D-84E6-19F65E3F625B}
		{624A8E0F-A52E-4D7E-820E-52442D684C28} = {C773E3FE-4DC7-499D-84E6-19F65E3F625B}
		{0051F49F-2AAC-42A6-BA6D-E37035D40B9A} = {C773E3FE-4DC7-499D-84E6-19F65E3F625B}
		{15954E61-819F-48D2-8FB1-7CCC55D28B8B} = {E9FC8238-18AA-48E7-88C9-820A11161539}
		{AE847D40-3286-4FA1-87F5-B61F21C8B4A5} = {E9FC8238-18AA-48E7-88C9-820A11161539}
		{73CC7DB1-C7D3-4988-B8A1-5CA161780BD8} = {E9FC8238-18AA-48E7-88C9-820A11161539}
		{F138A1D3-6F15-4C0D-B0ED-275C7D6C63EE} = {E9FC8238-18AA-48E7-88C9-820A11161539}
		{FDE7307C-A8E9-4F5D-9513-98BA34BD01EE} = {56C234D9-5CAE-4712-A0C5-DE0F361CD168}
	EndGlobalSection
EndGlobal
